
Microsoft Visual Studio Solution File, Format Version 12.00
# Visual Studio Version 16
VisualStudioVersion = 16.0.30804.86
MinimumVisualStudioVersion = 10.0.40219.1
Project("{2150E333-8FDC-42A3-9474-1A3956D46DE8}") = "DesignTime", "DesignTime", "{DADDAA8C-8611-4E7F-8233-1A3E0CB79110}"
EndProject
Project("{FAE04EC0-301F-11D3-BF4B-00C04F79EFBC}") = "Design", "Design\Design.csproj", "{36948278-0AC0-4CD3-A3A7-4A3B30D7655E}"
EndProject
Project("{2150E333-8FDC-42A3-9474-1A3956D46DE8}") = "Runtime", "Runtime", "{2E55AF67-7489-4F82-B39B-B75988C7C4E7}"
EndProject
Project("{2150E333-8FDC-42A3-9474-1A3956D46DE8}") = "Clients", "Clients", "{C31C4273-0E28-4B5A-8A07-06295CE4B6D1}"
EndProject
Project("{FAE04EC0-301F-11D3-BF4B-00C04F79EFBC}") = "Client.Console", "Client.Console\Client.Console.csproj", "{0AA98282-3668-4D67-928F-5F82EDBB4DB1}"
EndProject
Project("{FAE04EC0-301F-11D3-BF4B-00C04F79EFBC}") = "ClientLib", "ClientLib\ClientLib.csproj", "{334B4CA2-3EC8-4254-8E97-F42FE4EA4D11}"
EndProject
Project("{FAE04EC0-301F-11D3-BF4B-00C04F79EFBC}") = "Models", "Models\Models.csproj", "{20604DF4-B8D0-41EC-8E11-3F62B7A7BD4D}"
EndProject
Project("{FAE04EC0-301F-11D3-BF4B-00C04F79EFBC}") = "WebApi", "WebApi\WebApi.csproj", "{55A9E5BA-29A1-4617-8A8A-96D97D9BC478}"
EndProject
Project("{2150E333-8FDC-42A3-9474-1A3956D46DE8}") = "Tests", "Tests", "{39DBFE0D-398B-40A0-97FD-E3B81BCF05E4}"
EndProject
Project("{FAE04EC0-301F-11D3-BF4B-00C04F79EFBC}") = "ClientLib.Tests", "Tests\ClientLib.Tests\ClientLib.Tests.csproj", "{39EDAD20-0547-4D52-A887-6EC10AD23792}"
EndProject
Project("{FAE04EC0-301F-11D3-BF4B-00C04F79EFBC}") = "Models.Tests", "Tests\Models.Tests\Models.Tests.csproj", "{77331465-7E60-4012-85DE-5A9D69385C89}"
EndProject
Project("{FAE04EC0-301F-11D3-BF4B-00C04F79EFBC}") = "WebApi.Tests", "Tests\WebApi.Tests\WebApi.Tests.csproj", "{1216BF1B-E4F2-41FF-87D8-DAF4A3B45AB3}"
EndProject
Project("{FAE04EC0-301F-11D3-BF4B-00C04F79EFBC}") = "Integration.Tests", "Tests\Integration.Tests\Integration.Tests.csproj", "{B057ADF6-823F-4C58-88D2-42B84BB4F0F9}"
EndProject
Project("{2150E333-8FDC-42A3-9474-1A3956D46DE8}") = ".nuget", ".nuget", "{0278492A-1F84-4EB8-9CE8-BD54716000B8}"
EndProject
Project("{2150E333-8FDC-42A3-9474-1A3956D46DE8}") = "Solution Items", "Solution Items", "{34D54FCC-1062-413E-B7E7-D37BDD524297}"
	ProjectSection(SolutionItems) = preProject
		.nuget\nuget.config = .nuget\nuget.config
	EndProjectSection
EndProject
Global
	GlobalSection(SolutionConfigurationPlatforms) = preSolution
		Debug|Any CPU = Debug|Any CPU
		Release|Any CPU = Release|Any CPU
	EndGlobalSection
	GlobalSection(ProjectConfigurationPlatforms) = postSolution
		{36948278-0AC0-4CD3-A3A7-4A3B30D7655E}.Debug|Any CPU.ActiveCfg = Debug|Any CPU
		{36948278-0AC0-4CD3-A3A7-4A3B30D7655E}.Debug|Any CPU.Build.0 = Debug|Any CPU
		{36948278-0AC0-4CD3-A3A7-4A3B30D7655E}.Release|Any CPU.ActiveCfg = Release|Any CPU
		{36948278-0AC0-4CD3-A3A7-4A3B30D7655E}.Release|Any CPU.Build.0 = Release|Any CPU
		{0AA98282-3668-4D67-928F-5F82EDBB4DB1}.Debug|Any CPU.ActiveCfg = Debug|Any CPU
		{0AA98282-3668-4D67-928F-5F82EDBB4DB1}.Debug|Any CPU.Build.0 = Debug|Any CPU
		{0AA98282-3668-4D67-928F-5F82EDBB4DB1}.Release|Any CPU.ActiveCfg = Release|Any CPU
		{0AA98282-3668-4D67-928F-5F82EDBB4DB1}.Release|Any CPU.Build.0 = Release|Any CPU
		{334B4CA2-3EC8-4254-8E97-F42FE4EA4D11}.Debug|Any CPU.ActiveCfg = Debug|Any CPU
		{334B4CA2-3EC8-4254-8E97-F42FE4EA4D11}.Debug|Any CPU.Build.0 = Debug|Any CPU
		{334B4CA2-3EC8-4254-8E97-F42FE4EA4D11}.Release|Any CPU.ActiveCfg = Release|Any CPU
		{334B4CA2-3EC8-4254-8E97-F42FE4EA4D11}.Release|Any CPU.Build.0 = Release|Any CPU
		{20604DF4-B8D0-41EC-8E11-3F62B7A7BD4D}.Debug|Any CPU.ActiveCfg = Debug|Any CPU
		{20604DF4-B8D0-41EC-8E11-3F62B7A7BD4D}.Debug|Any CPU.Build.0 = Debug|Any CPU
		{20604DF4-B8D0-41EC-8E11-3F62B7A7BD4D}.Release|Any CPU.ActiveCfg = Release|Any CPU
		{20604DF4-B8D0-41EC-8E11-3F62B7A7BD4D}.Release|Any CPU.Build.0 = Release|Any CPU
		{55A9E5BA-29A1-4617-8A8A-96D97D9BC478}.Debug|Any CPU.ActiveCfg = Debug|Any CPU
		{55A9E5BA-29A1-4617-8A8A-96D97D9BC478}.Debug|Any CPU.Build.0 = Debug|Any CPU
		{55A9E5BA-29A1-4617-8A8A-96D97D9BC478}.Release|Any CPU.ActiveCfg = Release|Any CPU
		{55A9E5BA-29A1-4617-8A8A-96D97D9BC478}.Release|Any CPU.Build.0 = Release|Any CPU
		{39EDAD20-0547-4D52-A887-6EC10AD23792}.Debug|Any CPU.ActiveCfg = Debug|Any CPU
		{39EDAD20-0547-4D52-A887-6EC10AD23792}.Debug|Any CPU.Build.0 = Debug|Any CPU
		{39EDAD20-0547-4D52-A887-6EC10AD23792}.Release|Any CPU.ActiveCfg = Release|Any CPU
		{39EDAD20-0547-4D52-A887-6EC10AD23792}.Release|Any CPU.Build.0 = Release|Any CPU
		{77331465-7E60-4012-85DE-5A9D69385C89}.Debug|Any CPU.ActiveCfg = Debug|Any CPU
		{77331465-7E60-4012-85DE-5A9D69385C89}.Debug|Any CPU.Build.0 = Debug|Any CPU
		{77331465-7E60-4012-85DE-5A9D69385C89}.Release|Any CPU.ActiveCfg = Release|Any CPU
		{77331465-7E60-4012-85DE-5A9D69385C89}.Release|Any CPU.Build.0 = Release|Any CPU
		{1216BF1B-E4F2-41FF-87D8-DAF4A3B45AB3}.Debug|Any CPU.ActiveCfg = Debug|Any CPU
		{1216BF1B-E4F2-41FF-87D8-DAF4A3B45AB3}.Debug|Any CPU.Build.0 = Debug|Any CPU
		{1216BF1B-E4F2-41FF-87D8-DAF4A3B45AB3}.Release|Any CPU.ActiveCfg = Release|Any CPU
		{1216BF1B-E4F2-41FF-87D8-DAF4A3B45AB3}.Release|Any CPU.Build.0 = Release|Any CPU
		{B057ADF6-823F-4C58-88D2-42B84BB4F0F9}.Debug|Any CPU.ActiveCfg = Debug|Any CPU
		{B057ADF6-823F-4C58-88D2-42B84BB4F0F9}.Debug|Any CPU.Build.0 = Debug|Any CPU
		{B057ADF6-823F-4C58-88D2-42B84BB4F0F9}.Release|Any CPU.ActiveCfg = Release|Any CPU
		{B057ADF6-823F-4C58-88D2-42B84BB4F0F9}.Release|Any CPU.Build.0 = Release|Any CPU
	EndGlobalSection
	GlobalSection(SolutionProperties) = preSolution
		HideSolutionNode = FALSE
	EndGlobalSection
	GlobalSection(NestedProjects) = preSolution
		{36948278-0AC0-4CD3-A3A7-4A3B30D7655E} = {DADDAA8C-8611-4E7F-8233-1A3E0CB79110}
		{C31C4273-0E28-4B5A-8A07-06295CE4B6D1} = {2E55AF67-7489-4F82-B39B-B75988C7C4E7}
		{0AA98282-3668-4D67-928F-5F82EDBB4DB1} = {C31C4273-0E28-4B5A-8A07-06295CE4B6D1}
		{334B4CA2-3EC8-4254-8E97-F42FE4EA4D11} = {2E55AF67-7489-4F82-B39B-B75988C7C4E7}
		{20604DF4-B8D0-41EC-8E11-3F62B7A7BD4D} = {2E55AF67-7489-4F82-B39B-B75988C7C4E7}
		{55A9E5BA-29A1-4617-8A8A-96D97D9BC478} = {2E55AF67-7489-4F82-B39B-B75988C7C4E7}
		{39EDAD20-0547-4D52-A887-6EC10AD23792} = {39DBFE0D-398B-40A0-97FD-E3B81BCF05E4}
		{77331465-7E60-4012-85DE-5A9D69385C89} = {39DBFE0D-398B-40A0-97FD-E3B81BCF05E4}
		{1216BF1B-E4F2-41FF-87D8-DAF4A3B45AB3} = {39DBFE0D-398B-40A0-97FD-E3B81BCF05E4}
		{B057ADF6-823F-4C58-88D2-42B84BB4F0F9} = {39DBFE0D-398B-40A0-97FD-E3B81BCF05E4}
	EndGlobalSection
	GlobalSection(ExtensibilityGlobals) = postSolution
		SolutionGuid = {3CB3E7BE-BD5A-45C2-9C53-E060D4DFC562}
	EndGlobalSection
EndGlobal
